<?xml version="1.0" encoding="utf-8"?>
<Project ToolsVersion="4.0" xmlns="http://schemas.microsoft.com/developer/msbuild/2003">
  <ItemGroup>
    <Filter Include="RayTracer">
      <UniqueIdentifier>{5d738fbd-cab7-448e-9021-044d1fe4454e}</UniqueIdentifier>
    </Filter>
    <Filter Include="RayTracer\vec3">
      <UniqueIdentifier>{39c54bad-c112-4c10-81f8-89baf1edb610}</UniqueIdentifier>
    </Filter>
    <Filter Include="RayTracer\color">
      <UniqueIdentifier>{a9d5494d-b02b-44c9-a833-f42aed33e387}</UniqueIdentifier>
    </Filter>
    <Filter Include="RayTracer\ray">
      <UniqueIdentifier>{75ab7237-1aee-4b03-bb5f-8aba36e5e121}</UniqueIdentifier>
    </Filter>
  </ItemGroup>
  <ItemGroup>
    <ClCompile Include="main.cpp">
      <Filter>RayTracer</Filter>
    </ClCompile>
    <ClCompile Include="vec3.cpp">
      <Filter>RayTracer\vec3</Filter>
    </ClCompile>
    <ClCompile Include="color.cpp">
      <Filter>RayTracer\color</Filter>
    </ClCompile>
    <ClCompile Include="ray.cpp">
      <Filter>RayTracer\ray</Filter>
    </ClCompile>
  </ItemGroup>
  <ItemGroup>
    <ClInclude Include="vec3.h">
      <Filter>RayTracer\vec3</Filter>
    </ClInclude>
    <ClInclude Include="color.h">
      <Filter>RayTracer\color</Filter>
    </ClInclude>
    <ClInclude Include="ray.h">
      <Filter>RayTracer\ray</Filter>
    </ClInclude>
  </ItemGroup>
</Project>